
Microsoft Visual Studio Solution File, Format Version 12.00
# Visual Studio Version 17
VisualStudioVersion = 17.13.35931.197 d17.13
MinimumVisualStudioVersion = 10.0.40219.1
Project("{FAE04EC0-301F-11D3-BF4B-00C04F79EFBC}") = "MyFirstConsoleApp", "MyFirstConsoleApp\MyFirstConsoleApp.csproj", "{C32CFB7F-A773-4633-B896-E0B9E06DAE6A}"
EndProject
Global
	GlobalSection(SolutionConfigurationPlatforms) = preSolution
		Debug|Any CPU = Debug|Any CPU
		Release|Any CPU = Release|Any CPU
	EndGlobalSection
	GlobalSection(ProjectConfigurationPlatforms) = postSolution
		{C32CFB7F-A773-4633-B896-E0B9E06DAE6A}.Debug|Any CPU.ActiveCfg = Debug|Any CPU
		{C32CFB7F-A773-4633-B896-E0B9E06DAE6A}.Debug|Any CPU.Build.0 = Debug|Any CPU
		{C32CFB7F-A773-4633-B896-E0B9E06DAE6A}.Release|Any CPU.ActiveCfg = Release|Any CPU
		{C32CFB7F-A773-4633-B896-E0B9E06DAE6A}.Release|Any CPU.Build.0 = Release|Any CPU
	EndGlobalSection
	GlobalSection(SolutionProperties) = preSolution
		HideSolutionNode = FALSE
	EndGlobalSection
	GlobalSection(ExtensibilityGlobals) = postSolution
		SolutionGuid = {6E451B36-10D8-402E-B550-D38C74B1E693}
	EndGlobalSection
EndGlobal
